
Microsoft Visual Studio Solution File, Format Version 12.00
# Visual Studio Version 16
VisualStudioVersion = 16.0.32901.82
MinimumVisualStudioVersion = 10.0.40219.1
Project("{FAE04EC0-301F-11D3-BF4B-00C04F79EFBC}") = "計算機", "計算機\計算機.csproj", "{71BC532A-6768-4AF0-8CA4-35CF51B6BECF}"
EndProject
Global
	GlobalSection(SolutionConfigurationPlatforms) = preSolution
		Debug|Any CPU = Debug|Any CPU
		Release|Any CPU = Release|Any CPU
	EndGlobalSection
	GlobalSection(ProjectConfigurationPlatforms) = postSolution
		{71BC532A-6768-4AF0-8CA4-35CF51B6BECF}.Debug|Any CPU.ActiveCfg = Debug|Any CPU
		{71BC532A-6768-4AF0-8CA4-35CF51B6BECF}.Debug|Any CPU.Build.0 = Debug|Any CPU
		{71BC532A-6768-4AF0-8CA4-35CF51B6BECF}.Release|Any CPU.ActiveCfg = Release|Any CPU
		{71BC532A-6768-4AF0-8CA4-35CF51B6BECF}.Release|Any CPU.Build.0 = Release|Any CPU
	EndGlobalSection
	GlobalSection(SolutionProperties) = preSolution
		HideSolutionNode = FALSE
	EndGlobalSection
	GlobalSection(ExtensibilityGlobals) = postSolution
		SolutionGuid = {5F0603F8-BAD0-4158-A37C-A43EC4270FEB}
	EndGlobalSection
EndGlobal
